
Microsoft Visual Studio Solution File, Format Version 12.00
# Visual Studio Version 17
VisualStudioVersion = 17.10.35122.118
MinimumVisualStudioVersion = 10.0.40219.1
Project("{9A19103F-16F7-4668-BE54-9A1E7A4F7556}") = "OrderWebApp", "OrderWebApp\OrderWebApp.csproj", "{CED2B4C0-FD31-47E6-A5DB-4A71F5C49B54}"
EndProject
Project("{FAE04EC0-301F-11D3-BF4B-00C04F79EFBC}") = "OrderWebApp.DataAccess", "OrderWebApp.DataAccess\OrderWebApp.DataAccess.csproj", "{7EB3E0E4-98FD-4603-B91F-AB5862F9CC3E}"
EndProject
Project("{FAE04EC0-301F-11D3-BF4B-00C04F79EFBC}") = "OrderWebApp.Models", "OrderWebApp.Models\OrderWebApp.Models.csproj", "{F9E39D4F-3AD1-461F-B336-6A2D45597C02}"
EndProject
Project("{FAE04EC0-301F-11D3-BF4B-00C04F79EFBC}") = "OrderWebApp.Utility", "OrderWebApp.Utility\OrderWebApp.Utility.csproj", "{E85AFC03-E848-4DF1-ACF6-52EF37833B27}"
EndProject
Global
	GlobalSection(SolutionConfigurationPlatforms) = preSolution
		Debug|Any CPU = Debug|Any CPU
		Release|Any CPU = Release|Any CPU
	EndGlobalSection
	GlobalSection(ProjectConfigurationPlatforms) = postSolution
		{CED2B4C0-FD31-47E6-A5DB-4A71F5C49B54}.Debug|Any CPU.ActiveCfg = Debug|Any CPU
		{CED2B4C0-FD31-47E6-A5DB-4A71F5C49B54}.Debug|Any CPU.Build.0 = Debug|Any CPU
		{CED2B4C0-FD31-47E6-A5DB-4A71F5C49B54}.Release|Any CPU.ActiveCfg = Release|Any CPU
		{CED2B4C0-FD31-47E6-A5DB-4A71F5C49B54}.Release|Any CPU.Build.0 = Release|Any CPU
		{7EB3E0E4-98FD-4603-B91F-AB5862F9CC3E}.Debug|Any CPU.ActiveCfg = Debug|Any CPU
		{7EB3E0E4-98FD-4603-B91F-AB5862F9CC3E}.Debug|Any CPU.Build.0 = Debug|Any CPU
		{7EB3E0E4-98FD-4603-B91F-AB5862F9CC3E}.Release|Any CPU.ActiveCfg = Release|Any CPU
		{7EB3E0E4-98FD-4603-B91F-AB5862F9CC3E}.Release|Any CPU.Build.0 = Release|Any CPU
		{F9E39D4F-3AD1-461F-B336-6A2D45597C02}.Debug|Any CPU.ActiveCfg = Debug|Any CPU
		{F9E39D4F-3AD1-461F-B336-6A2D45597C02}.Debug|Any CPU.Build.0 = Debug|Any CPU
		{F9E39D4F-3AD1-461F-B336-6A2D45597C02}.Release|Any CPU.ActiveCfg = Release|Any CPU
		{F9E39D4F-3AD1-461F-B336-6A2D45597C02}.Release|Any CPU.Build.0 = Release|Any CPU
		{E85AFC03-E848-4DF1-ACF6-52EF37833B27}.Debug|Any CPU.ActiveCfg = Debug|Any CPU
		{E85AFC03-E848-4DF1-ACF6-52EF37833B27}.Debug|Any CPU.Build.0 = Debug|Any CPU
		{E85AFC03-E848-4DF1-ACF6-52EF37833B27}.Release|Any CPU.ActiveCfg = Release|Any CPU
		{E85AFC03-E848-4DF1-ACF6-52EF37833B27}.Release|Any CPU.Build.0 = Release|Any CPU
	EndGlobalSection
	GlobalSection(SolutionProperties) = preSolution
		HideSolutionNode = FALSE
	EndGlobalSection
	GlobalSection(ExtensibilityGlobals) = postSolution
		SolutionGuid = {65D62E73-5F08-4F72-829A-F4F04DDDDE70}
	EndGlobalSection
EndGlobal
